
Microsoft Visual Studio Solution File, Format Version 12.00
# Visual Studio Version 17
VisualStudioVersion = 17.4.33403.182
MinimumVisualStudioVersion = 10.0.40219.1
Project("{FAE04EC0-301F-11D3-BF4B-00C04F79EFBC}") = "xadrez-console", "xadrez-console\xadrez-console.csproj", "{F27080BE-4036-4067-9035-D1B5048BFB2B}"
EndProject
Global
	GlobalSection(SolutionConfigurationPlatforms) = preSolution
		Debug|Any CPU = Debug|Any CPU
		Release|Any CPU = Release|Any CPU
	EndGlobalSection
	GlobalSection(ProjectConfigurationPlatforms) = postSolution
		{F27080BE-4036-4067-9035-D1B5048BFB2B}.Debug|Any CPU.ActiveCfg = Debug|Any CPU
		{F27080BE-4036-4067-9035-D1B5048BFB2B}.Debug|Any CPU.Build.0 = Debug|Any CPU
		{F27080BE-4036-4067-9035-D1B5048BFB2B}.Release|Any CPU.ActiveCfg = Release|Any CPU
		{F27080BE-4036-4067-9035-D1B5048BFB2B}.Release|Any CPU.Build.0 = Release|Any CPU
	EndGlobalSection
	GlobalSection(SolutionProperties) = preSolution
		HideSolutionNode = FALSE
	EndGlobalSection
	GlobalSection(ExtensibilityGlobals) = postSolution
		SolutionGuid = {2AC944A6-A09F-44D3-8AFE-54AB01ADD596}
	EndGlobalSection
EndGlobal
